{
  "name": "plagiarism-detector-pro",
  "version": "1.0.1",
  "lockfileVersion": 3,
  "requires": true,
  "packages": {
    "": {
      "name": "plagiarism-detector-pro",
      "version": "1.0.1",
      "license": "MIT",
      "dependencies": {
        "plagiarism-detector-pro": "^1.0.1"
      },
      "bin": {
        "plag": "bin/plag.js",
        "plag-mcp": "bin/mcp-server.js",
        "plagiarism-detector": "bin/plag.js",
        "plagiarism-detector-pro": "bin/plag.js"
      },
      "engines": {
        "node": ">=18.0.0"
      }
    },
    "node_modules/plagiarism-detector-pro": {
      "version": "1.0.1",
      "resolved": "https://registry.npmjs.org/plagiarism-detector-pro/-/plagiarism-detector-pro-1.0.1.tgz",
      "integrity": "sha512-Q4oEkBsNBLo1J480O9lcEVlAm3RiVBMzpuM3VY2/0yxfzlEODzbIwVQvh0MaxUQaidiq+FuQEsjm+3bM7YEC7w==",
      "license": "MIT",
      "bin": {
        "plag": "bin/plag.js",
        "plag-mcp": "bin/mcp-server.js",
        "plagiarism-detector": "bin/plag.js",
        "plagiarism-detector-pro": "bin/plag.js"
      },
      "engines": {
        "node": ">=18.0.0"
      }
    }
  }
}
