{
  "name": "plagiarism-detector-pro",
  "version": "1.0.5",
  "lockfileVersion": 3,
  "requires": true,
  "packages": {
    "": {
      "name": "plagiarism-detector-pro",
      "version": "1.0.5",
      "license": "MIT",
      "bin": {
        "plag": "bin/plag.js",
        "plag-mcp": "bin/mcp-server.js",
        "plagiarism-detector": "bin/plag.js",
        "plagiarism-detector-pro": "bin/plag.js"
      },
      "engines": {
        "node": ">=18.0.0"
      }
    }
  }
}
